{
  "name": "ngemil",
  "version": "1.0.0",
  "lockfileVersion": 1,
  "requires": true,
  "dependencies": {
    "minite": {
      "version": "0.1.16",
      "resolved": "https://registry.npmjs.org/minite/-/minite-0.1.16.tgz",
      "integrity": "sha512-lZjvB/Oj0WbOWnjp5TkVqyJXQkoWrthLLk2E52rpHu6SPRrLqw3ETrNIWFNlNOWKGhaS3gK0408ELqhvNrVKiA=="
    }
  }
}
